
Microsoft Visual Studio Solution File, Format Version 12.00
# Visual Studio Version 17
VisualStudioVersion = 17.13.35931.197
MinimumVisualStudioVersion = 10.0.40219.1
Project("{2150E333-8FDC-42A3-9474-1A3956D46DE8}") = "src", "src", "{02EA681E-C7D8-13C7-8484-4AC65E1B71E8}"
EndProject
Project("{2150E333-8FDC-42A3-9474-1A3956D46DE8}") = "test", "test", "{646E40E1-3AEC-4F6E-8FCF-92A827A15595}"
EndProject
Project("{2150E333-8FDC-42A3-9474-1A3956D46DE8}") = "API", "API", "{C27A38CE-BCFC-498F-8F2D-37C8FDE30F6C}"
EndProject
Project("{FAE04EC0-301F-11D3-BF4B-00C04F79EFBC}") = "Peyghom.Api", "src\API\Peyghom.Api\Peyghom.Api.csproj", "{8572E2C0-67E2-4B0D-8A89-2513243C81A6}"
EndProject
Project("{2150E333-8FDC-42A3-9474-1A3956D46DE8}") = "Common", "Common", "{68A55146-5A71-40FD-B31E-C4ACE22A56BD}"
EndProject
Project("{FAE04EC0-301F-11D3-BF4B-00C04F79EFBC}") = "Peyghom.Common", "src\Common\Peyghom.Common\Peyghom.Common.csproj", "{8DBA4997-6B83-4B6C-9F83-18DE358732B8}"
EndProject
Project("{2150E333-8FDC-42A3-9474-1A3956D46DE8}") = "Solution Items", "Solution Items", "{C0411A51-D0EE-42FC-B8E0-E02C3C372ED5}"
EndProject
Project("{E53339B2-1760-4266-BCC7-CA923CBCF16C}") = "docker-compose", "docker-compose.dcproj", "{81DDED9D-158B-E303-5F62-77A2896D2A5A}"
EndProject
Project("{2150E333-8FDC-42A3-9474-1A3956D46DE8}") = "Modules", "Modules", "{10B879F1-EC11-4FEF-9F39-2D91075CD47C}"
EndProject
Project("{2150E333-8FDC-42A3-9474-1A3956D46DE8}") = "Users", "Users", "{8F0F1448-D0ED-4C7A-9028-F5A5FD3958A2}"
EndProject
Project("{FAE04EC0-301F-11D3-BF4B-00C04F79EFBC}") = "Peyghom.Modules.Users", "src\Modules\Users\Peyghom.Modules.Users\Peyghom.Modules.Users.csproj", "{A0DE07B0-0376-4464-993F-C41440A6603E}"
EndProject
Global
	GlobalSection(SolutionConfigurationPlatforms) = preSolution
		Debug|Any CPU = Debug|Any CPU
		Release|Any CPU = Release|Any CPU
	EndGlobalSection
	GlobalSection(ProjectConfigurationPlatforms) = postSolution
		{8572E2C0-67E2-4B0D-8A89-2513243C81A6}.Debug|Any CPU.ActiveCfg = Debug|Any CPU
		{8572E2C0-67E2-4B0D-8A89-2513243C81A6}.Debug|Any CPU.Build.0 = Debug|Any CPU
		{8572E2C0-67E2-4B0D-8A89-2513243C81A6}.Release|Any CPU.ActiveCfg = Release|Any CPU
		{8572E2C0-67E2-4B0D-8A89-2513243C81A6}.Release|Any CPU.Build.0 = Release|Any CPU
		{8DBA4997-6B83-4B6C-9F83-18DE358732B8}.Debug|Any CPU.ActiveCfg = Debug|Any CPU
		{8DBA4997-6B83-4B6C-9F83-18DE358732B8}.Debug|Any CPU.Build.0 = Debug|Any CPU
		{8DBA4997-6B83-4B6C-9F83-18DE358732B8}.Release|Any CPU.ActiveCfg = Release|Any CPU
		{8DBA4997-6B83-4B6C-9F83-18DE358732B8}.Release|Any CPU.Build.0 = Release|Any CPU
		{81DDED9D-158B-E303-5F62-77A2896D2A5A}.Debug|Any CPU.ActiveCfg = Debug|Any CPU
		{81DDED9D-158B-E303-5F62-77A2896D2A5A}.Debug|Any CPU.Build.0 = Debug|Any CPU
		{81DDED9D-158B-E303-5F62-77A2896D2A5A}.Release|Any CPU.ActiveCfg = Release|Any CPU
		{81DDED9D-158B-E303-5F62-77A2896D2A5A}.Release|Any CPU.Build.0 = Release|Any CPU
		{A0DE07B0-0376-4464-993F-C41440A6603E}.Debug|Any CPU.ActiveCfg = Debug|Any CPU
		{A0DE07B0-0376-4464-993F-C41440A6603E}.Debug|Any CPU.Build.0 = Debug|Any CPU
		{A0DE07B0-0376-4464-993F-C41440A6603E}.Release|Any CPU.ActiveCfg = Release|Any CPU
		{A0DE07B0-0376-4464-993F-C41440A6603E}.Release|Any CPU.Build.0 = Release|Any CPU
	EndGlobalSection
	GlobalSection(SolutionProperties) = preSolution
		HideSolutionNode = FALSE
	EndGlobalSection
	GlobalSection(NestedProjects) = preSolution
		{C27A38CE-BCFC-498F-8F2D-37C8FDE30F6C} = {02EA681E-C7D8-13C7-8484-4AC65E1B71E8}
		{8572E2C0-67E2-4B0D-8A89-2513243C81A6} = {C27A38CE-BCFC-498F-8F2D-37C8FDE30F6C}
		{68A55146-5A71-40FD-B31E-C4ACE22A56BD} = {02EA681E-C7D8-13C7-8484-4AC65E1B71E8}
		{8DBA4997-6B83-4B6C-9F83-18DE358732B8} = {68A55146-5A71-40FD-B31E-C4ACE22A56BD}
		{10B879F1-EC11-4FEF-9F39-2D91075CD47C} = {02EA681E-C7D8-13C7-8484-4AC65E1B71E8}
		{8F0F1448-D0ED-4C7A-9028-F5A5FD3958A2} = {10B879F1-EC11-4FEF-9F39-2D91075CD47C}
		{A0DE07B0-0376-4464-993F-C41440A6603E} = {8F0F1448-D0ED-4C7A-9028-F5A5FD3958A2}
	EndGlobalSection
	GlobalSection(ExtensibilityGlobals) = postSolution
		SolutionGuid = {33F40B14-386E-479C-A09F-63028E6E81E2}
	EndGlobalSection
EndGlobal
